
Microsoft Visual Studio Solution File, Format Version 12.00
# Visual Studio Version 16
VisualStudioVersion = 16.0.31624.102
MinimumVisualStudioVersion = 10.0.40219.1
Project("{FAE04EC0-301F-11D3-BF4B-00C04F79EFBC}") = "AFutsal", "AFutsal.csproj", "{A6CF597D-E946-4BCA-B702-8E0E1524812D}"
EndProject
Global
	GlobalSection(SolutionConfigurationPlatforms) = preSolution
		Debug|Any CPU = Debug|Any CPU
		Release|Any CPU = Release|Any CPU
	EndGlobalSection
	GlobalSection(ProjectConfigurationPlatforms) = postSolution
		{A6CF597D-E946-4BCA-B702-8E0E1524812D}.Debug|Any CPU.ActiveCfg = Debug|Any CPU
		{A6CF597D-E946-4BCA-B702-8E0E1524812D}.Debug|Any CPU.Build.0 = Debug|Any CPU
		{A6CF597D-E946-4BCA-B702-8E0E1524812D}.Release|Any CPU.ActiveCfg = Release|Any CPU
		{A6CF597D-E946-4BCA-B702-8E0E1524812D}.Release|Any CPU.Build.0 = Release|Any CPU
	EndGlobalSection
	GlobalSection(SolutionProperties) = preSolution
		HideSolutionNode = FALSE
	EndGlobalSection
	GlobalSection(ExtensibilityGlobals) = postSolution
		SolutionGuid = {F4B4C968-7549-43F3-9573-5B52EBA40CB0}
	EndGlobalSection
EndGlobal
